{
  "requires": true,
  "lockfileVersion": 1,
  "dependencies": {
    "gasp": {
      "version": "0.0.2",
      "resolved": "https://registry.npmjs.org/gasp/-/gasp-0.0.2.tgz",
      "integrity": "sha1-ukinFUaqrXX+EWLddML8Fb7f+xE=",
      "requires": {
        "q": "^1.0.0"
      }
    },
    "gsap": {
      "version": "3.1.1",
      "resolved": "https://registry.npmjs.org/gsap/-/gsap-3.1.1.tgz",
      "integrity": "sha512-ISkCKuXMtBbmbchJxWXuZydXnnWVV9SqNqd8vAevvtq0yzyBapMbXLxwambK73S/2kpTIVzYW8eJXlDD7yHhvw=="
    },
    "q": {
      "version": "1.5.1",
      "resolved": "https://registry.npmjs.org/q/-/q-1.5.1.tgz",
      "integrity": "sha1-fjL3W0E4EpHQRhHxvxQQmsAGUdc="
    }
  }
}
